// !$*UTF8*$!
{
	archiveVersion = 1;
	classes = {
	};
	objectVersion = 56;
	objects = {

/* Begin PBXBuildFile section */
		895FF9BB2AF2E54500403564 /* Crypto_PortfolioApp.swift in Sources */ = {isa = PBXBuildFile; fileRef = 895FF9BA2AF2E54500403564 /* Crypto_PortfolioApp.swift */; };
		895FF9BD2AF2E54500403564 /* ContentView.swift in Sources */ = {isa = PBXBuildFile; fileRef = 895FF9BC2AF2E54500403564 /* ContentView.swift */; };
		895FF9BF2AF2E54500403564 /* Item.swift in Sources */ = {isa = PBXBuildFile; fileRef = 895FF9BE2AF2E54500403564 /* Item.swift */; };
		895FF9C12AF2E54800403564 /* Assets.xcassets in Resources */ = {isa = PBXBuildFile; fileRef = 895FF9C02AF2E54800403564 /* Assets.xcassets */; };
		895FF9C42AF2E54800403564 /* Preview Assets.xcassets in Resources */ = {isa = PBXBuildFile; fileRef = 895FF9C32AF2E54800403564 /* Preview Assets.xcassets */; };
		895FF9CE2AF2E54800403564 /* Crypto_PortfolioTests.swift in Sources */ = {isa = PBXBuildFile; fileRef = 895FF9CD2AF2E54800403564 /* Crypto_PortfolioTests.swift */; };
		895FF9D82AF2E54800403564 /* Crypto_PortfolioUITests.swift in Sources */ = {isa = PBXBuildFile; fileRef = 895FF9D72AF2E54800403564 /* Crypto_PortfolioUITests.swift */; };
		895FF9DA2AF2E54800403564 /* Crypto_PortfolioUITestsLaunchTests.swift in Sources */ = {isa = PBXBuildFile; fileRef = 895FF9D92AF2E54800403564 /* Crypto_PortfolioUITestsLaunchTests.swift */; };
/* End PBXBuildFile section */

/* Begin PBXContainerItemProxy section */
		895FF9CA2AF2E54800403564 /* PBXContainerItemProxy */ = {
			isa = PBXContainerItemProxy;
			containerPortal = 895FF9AF2AF2E54500403564 /* Project object */;
			proxyType = 1;
			remoteGlobalIDString = 895FF9B62AF2E54500403564;
			remoteInfo = "Crypto Portfolio";
		};
		895FF9D42AF2E54800403564 /* PBXContainerItemProxy */ = {
			isa = PBXContainerItemProxy;
			containerPortal = 895FF9AF2AF2E54500403564 /* Project object */;
			proxyType = 1;
			remoteGlobalIDString = 895FF9B62AF2E54500403564;
			remoteInfo = "Crypto Portfolio";
		};
/* End PBXContainerItemProxy section */

/* Begin PBXFileReference section */
		895FF9B72AF2E54500403564 /* Crypto Portfolio.app */ = {isa = PBXFileReference; explicitFileType = wrapper.application; includeInIndex = 0; path = "Crypto Portfolio.app"; sourceTree = BUILT_PRODUCTS_DIR; };
		895FF9BA2AF2E54500403564 /* Crypto_PortfolioApp.swift */ = {isa = PBXFileReference; lastKnownFileType = sourcecode.swift; path = Crypto_PortfolioApp.swift; sourceTree = "<group>"; };
		895FF9BC2AF2E54500403564 /* ContentView.swift */ = {isa = PBXFileReference; lastKnownFileType = sourcecode.swift; path = ContentView.swift; sourceTree = "<group>"; };
		895FF9BE2AF2E54500403564 /* Item.swift */ = {isa = PBXFileReference; lastKnownFileType = sourcecode.swift; path = Item.swift; sourceTree = "<group>"; };
		895FF9C02AF2E54800403564 /* Assets.xcassets */ = {isa = PBXFileReference; lastKnownFileType = folder.assetcatalog; path = Assets.xcassets; sourceTree = "<group>"; };
		895FF9C32AF2E54800403564 /* Preview Assets.xcassets */ = {isa = PBXFileReference; lastKnownFileType = folder.assetcatalog; path = "Preview Assets.xcassets"; sourceTree = "<group>"; };
		895FF9C92AF2E54800403564 /* Crypto PortfolioTests.xctest */ = {isa = PBXFileReference; explicitFileType = wrapper.cfbundle; includeInIndex = 0; path = "Crypto PortfolioTests.xctest"; sourceTree = BUILT_PRODUCTS_DIR; };
		895FF9CD2AF2E54800403564 /* Crypto_PortfolioTests.swift */ = {isa = PBXFileReference; lastKnownFileType = sourcecode.swift; path = Crypto_PortfolioTests.swift; sourceTree = "<group>"; };
		895FF9D32AF2E54800403564 /* Crypto PortfolioUITests.xctest */ = {isa = PBXFileReference; explicitFileType = wrapper.cfbundle; includeInIndex = 0; path = "Crypto PortfolioUITests.xctest"; sourceTree = BUILT_PRODUCTS_DIR; };
		895FF9D72AF2E54800403564 /* Crypto_PortfolioUITests.swift */ = {isa = PBXFileReference; lastKnownFileType = sourcecode.swift; path = Crypto_PortfolioUITests.swift; sourceTree = "<group>"; };
		895FF9D92AF2E54800403564 /* Crypto_PortfolioUITestsLaunchTests.swift */ = {isa = PBXFileReference; lastKnownFileType = sourcecode.swift; path = Crypto_PortfolioUITestsLaunchTests.swift; sourceTree = "<group>"; };
/* End PBXFileReference section */

/* Begin PBXFrameworksBuildPhase section */
		895FF9B42AF2E54500403564 /* Frameworks */ = {
			isa = PBXFrameworksBuildPhase;
			buildActionMask = 2147483647;
			files = (
			);
			runOnlyForDeploymentPostprocessing = 0;
		};
		895FF9C62AF2E54800403564 /* Frameworks */ = {
			isa = PBXFrameworksBuildPhase;
			buildActionMask = 2147483647;
			files = (
			);
			runOnlyForDeploymentPostprocessing = 0;
		};
		895FF9D02AF2E54800403564 /* Frameworks */ = {
			isa = PBXFrameworksBuildPhase;
			buildActionMask = 2147483647;
			files = (
			);
			runOnlyForDeploymentPostprocessing = 0;
		};
/* End PBXFrameworksBuildPhase section */

/* Begin PBXGroup section */
		895FF9AE2AF2E54500403564 = {
			isa = PBXGroup;
			children = (
				895FF9B92AF2E54500403564 /* Crypto Portfolio */,
				895FF9CC2AF2E54800403564 /* Crypto PortfolioTests */,
				895FF9D62AF2E54800403564 /* Crypto PortfolioUITests */,
				895FF9B82AF2E54500403564 /* Products */,
			);
			sourceTree = "<group>";
		};
		895FF9B82AF2E54500403564 /* Products */ = {
			isa = PBXGroup;
			children = (
				895FF9B72AF2E54500403564 /* Crypto Portfolio.app */,
				895FF9C92AF2E54800403564 /* Crypto PortfolioTests.xctest */,
				895FF9D32AF2E54800403564 /* Crypto PortfolioUITests.xctest */,
			);
			name = Products;
			sourceTree = "<group>";
		};
		895FF9B92AF2E54500403564 /* Crypto Portfolio */ = {
			isa = PBXGroup;
			children = (
				895FF9BA2AF2E54500403564 /* Crypto_PortfolioApp.swift */,
				895FF9BC2AF2E54500403564 /* ContentView.swift */,
				895FF9BE2AF2E54500403564 /* Item.swift */,
				895FF9C02AF2E54800403564 /* Assets.xcassets */,
				895FF9C22AF2E54800403564 /* Preview Content */,
			);
			path = "Crypto Portfolio";
			sourceTree = "<group>";
		};
		895FF9C22AF2E54800403564 /* Preview Content */ = {
			isa = PBXGroup;
			children = (
				895FF9C32AF2E54800403564 /* Preview Assets.xcassets */,
			);
			path = "Preview Content";
			sourceTree = "<group>";
		};
		895FF9CC2AF2E54800403564 /* Crypto PortfolioTests */ = {
			isa = PBXGroup;
			children = (
				895FF9CD2AF2E54800403564 /* Crypto_PortfolioTests.swift */,
			);
			path = "Crypto PortfolioTests";
			sourceTree = "<group>";
		};
		895FF9D62AF2E54800403564 /* Crypto PortfolioUITests */ = {
			isa = PBXGroup;
			children = (
				895FF9D72AF2E54800403564 /* Crypto_PortfolioUITests.swift */,
				895FF9D92AF2E54800403564 /* Crypto_PortfolioUITestsLaunchTests.swift */,
			);
			path = "Crypto PortfolioUITests";
			sourceTree = "<group>";
		};
/* End PBXGroup section */

/* Begin PBXNativeTarget section */
		895FF9B62AF2E54500403564 /* Crypto Portfolio */ = {
			isa = PBXNativeTarget;
			buildConfigurationList = 895FF9DD2AF2E54800403564 /* Build configuration list for PBXNativeTarget "Crypto Portfolio" */;
			buildPhases = (
				895FF9B32AF2E54500403564 /* Sources */,
				895FF9B42AF2E54500403564 /* Frameworks */,
				895FF9B52AF2E54500403564 /* Resources */,
			);
			buildRules = (
			);
			dependencies = (
			);
			name = "Crypto Portfolio";
			productName = "Crypto Portfolio";
			productReference = 895FF9B72AF2E54500403564 /* Crypto Portfolio.app */;
			productType = "com.apple.product-type.application";
		};
		895FF9C82AF2E54800403564 /* Crypto PortfolioTests */ = {
			isa = PBXNativeTarget;
			buildConfigurationList = 895FF9E02AF2E54800403564 /* Build configuration list for PBXNativeTarget "Crypto PortfolioTests" */;
			buildPhases = (
				895FF9C52AF2E54800403564 /* Sources */,
				895FF9C62AF2E54800403564 /* Frameworks */,
				895FF9C72AF2E54800403564 /* Resources */,
			);
			buildRules = (
			);
			dependencies = (
				895FF9CB2AF2E54800403564 /* PBXTargetDependency */,
			);
			name = "Crypto PortfolioTests";
			productName = "Crypto PortfolioTests";
			productReference = 895FF9C92AF2E54800403564 /* Crypto PortfolioTests.xctest */;
			productType = "com.apple.product-type.bundle.unit-test";
		};
		895FF9D22AF2E54800403564 /* Crypto PortfolioUITests */ = {
			isa = PBXNativeTarget;
			buildConfigurationList = 895FF9E32AF2E54800403564 /* Build configuration list for PBXNativeTarget "Crypto PortfolioUITests" */;
			buildPhases = (
				895FF9CF2AF2E54800403564 /* Sources */,
				895FF9D02AF2E54800403564 /* Frameworks */,
				895FF9D12AF2E54800403564 /* Resources */,
			);
			buildRules = (
			);
			dependencies = (
				895FF9D52AF2E54800403564 /* PBXTargetDependency */,
			);
			name = "Crypto PortfolioUITests";
			productName = "Crypto PortfolioUITests";
			productReference = 895FF9D32AF2E54800403564 /* Crypto PortfolioUITests.xctest */;
			productType = "com.apple.product-type.bundle.ui-testing";
		};
/* End PBXNativeTarget section */

/* Begin PBXProject section */
		895FF9AF2AF2E54500403564 /* Project object */ = {
			isa = PBXProject;
			attributes = {
				BuildIndependentTargetsInParallel = 1;
				LastSwiftUpdateCheck = 1500;
				LastUpgradeCheck = 1500;
				TargetAttributes = {
					895FF9B62AF2E54500403564 = {
						CreatedOnToolsVersion = 15.0;
					};
					895FF9C82AF2E54800403564 = {
						CreatedOnToolsVersion = 15.0;
						TestTargetID = 895FF9B62AF2E54500403564;
					};
					895FF9D22AF2E54800403564 = {
						CreatedOnToolsVersion = 15.0;
						TestTargetID = 895FF9B62AF2E54500403564;
					};
				};
			};
			buildConfigurationList = 895FF9B22AF2E54500403564 /* Build configuration list for PBXProject "Crypto Portfolio" */;
			compatibilityVersion = "Xcode 14.0";
			developmentRegion = en;
			hasScannedForEncodings = 0;
			knownRegions = (
				en,
				Base,
			);
			mainGroup = 895FF9AE2AF2E54500403564;
			productRefGroup = 895FF9B82AF2E54500403564 /* Products */;
			projectDirPath = "";
			projectRoot = "";
			targets = (
				895FF9B62AF2E54500403564 /* Crypto Portfolio */,
				895FF9C82AF2E54800403564 /* Crypto PortfolioTests */,
				895FF9D22AF2E54800403564 /* Crypto PortfolioUITests */,
			);
		};
/* End PBXProject section */

/* Begin PBXResourcesBuildPhase section */
		895FF9B52AF2E54500403564 /* Resources */ = {
			isa = PBXResourcesBuildPhase;
			buildActionMask = 2147483647;
			files = (
				895FF9C42AF2E54800403564 /* Preview Assets.xcassets in Resources */,
				895FF9C12AF2E54800403564 /* Assets.xcassets in Resources */,
			);
			runOnlyForDeploymentPostprocessing = 0;
		};
		895FF9C72AF2E54800403564 /* Resources */ = {
			isa = PBXResourcesBuildPhase;
			buildActionMask = 2147483647;
			files = (
			);
			runOnlyForDeploymentPostprocessing = 0;
		};
		895FF9D12AF2E54800403564 /* Resources */ = {
			isa = PBXResourcesBuildPhase;
			buildActionMask = 2147483647;
			files = (
			);
			runOnlyForDeploymentPostprocessing = 0;
		};
/* End PBXResourcesBuildPhase section */

/* Begin PBXSourcesBuildPhase section */
		895FF9B32AF2E54500403564 /* Sources */ = {
			isa = PBXSourcesBuildPhase;
			buildActionMask = 2147483647;
			files = (
				895FF9BD2AF2E54500403564 /* ContentView.swift in Sources */,
				895FF9BF2AF2E54500403564 /* Item.swift in Sources */,
				895FF9BB2AF2E54500403564 /* Crypto_PortfolioApp.swift in Sources */,
			);
			runOnlyForDeploymentPostprocessing = 0;
		};
		895FF9C52AF2E54800403564 /* Sources */ = {
			isa = PBXSourcesBuildPhase;
			buildActionMask = 2147483647;
			files = (
				895FF9CE2AF2E54800403564 /* Crypto_PortfolioTests.swift in Sources */,
			);
			runOnlyForDeploymentPostprocessing = 0;
		};
		895FF9CF2AF2E54800403564 /* Sources */ = {
			isa = PBXSourcesBuildPhase;
			buildActionMask = 2147483647;
			files = (
				895FF9DA2AF2E54800403564 /* Crypto_PortfolioUITestsLaunchTests.swift in Sources */,
				895FF9D82AF2E54800403564 /* Crypto_PortfolioUITests.swift in Sources */,
			);
			runOnlyForDeploymentPostprocessing = 0;
		};
/* End PBXSourcesBuildPhase section */

/* Begin PBXTargetDependency section */
		895FF9CB2AF2E54800403564 /* PBXTargetDependency */ = {
			isa = PBXTargetDependency;
			target = 895FF9B62AF2E54500403564 /* Crypto Portfolio */;
			targetProxy = 895FF9CA2AF2E54800403564 /* PBXContainerItemProxy */;
		};
		895FF9D52AF2E54800403564 /* PBXTargetDependency */ = {
			isa = PBXTargetDependency;
			target = 895FF9B62AF2E54500403564 /* Crypto Portfolio */;
			targetProxy = 895FF9D42AF2E54800403564 /* PBXContainerItemProxy */;
		};
/* End PBXTargetDependency section */

/* Begin XCBuildConfiguration section */
		895FF9DB2AF2E54800403564 /* Debug */ = {
			isa = XCBuildConfiguration;
			buildSettings = {
				ALWAYS_SEARCH_USER_PATHS = NO;
				ASSETCATALOG_COMPILER_GENERATE_SWIFT_ASSET_SYMBOL_EXTENSIONS = YES;
				CLANG_ANALYZER_NONNULL = YES;
				CLANG_ANALYZER_NUMBER_OBJECT_CONVERSION = YES_AGGRESSIVE;
				CLANG_CXX_LANGUAGE_STANDARD = "gnu++20";
				CLANG_ENABLE_MODULES = YES;
				CLANG_ENABLE_OBJC_ARC = YES;
				CLANG_ENABLE_OBJC_WEAK = YES;
				CLANG_WARN_BLOCK_CAPTURE_AUTORELEASING = YES;
				CLANG_WARN_BOOL_CONVERSION = YES;
				CLANG_WARN_COMMA = YES;
				CLANG_WARN_CONSTANT_CONVERSION = YES;
				CLANG_WARN_DEPRECATED_OBJC_IMPLEMENTATIONS = YES;
				CLANG_WARN_DIRECT_OBJC_ISA_USAGE = YES_ERROR;
				CLANG_WARN_DOCUMENTATION_COMMENTS = YES;
				CLANG_WARN_EMPTY_BODY = YES;
				CLANG_WARN_ENUM_CONVERSION = YES;
				CLANG_WARN_INFINITE_RECURSION = YES;
				CLANG_WARN_INT_CONVERSION = YES;
				CLANG_WARN_NON_LITERAL_NULL_CONVERSION = YES;
				CLANG_WARN_OBJC_IMPLICIT_RETAIN_SELF = YES;
				CLANG_WARN_OBJC_LITERAL_CONVERSION = YES;
				CLANG_WARN_OBJC_ROOT_CLASS = YES_ERROR;
				CLANG_WARN_QUOTED_INCLUDE_IN_FRAMEWORK_HEADER = YES;
				CLANG_WARN_RANGE_LOOP_ANALYSIS = YES;
				CLANG_WARN_STRICT_PROTOTYPES = YES;
				CLANG_WARN_SUSPICIOUS_MOVE = YES;
				CLANG_WARN_UNGUARDED_AVAILABILITY = YES_AGGRESSIVE;
				CLANG_WARN_UNREACHABLE_CODE = YES;
				CLANG_WARN__DUPLICATE_METHOD_MATCH = YES;
				COPY_PHASE_STRIP = NO;
				DEBUG_INFORMATION_FORMAT = dwarf;
				ENABLE_STRICT_OBJC_MSGSEND = YES;
				ENABLE_TESTABILITY = YES;
				ENABLE_USER_SCRIPT_SANDBOXING = YES;
				GCC_C_LANGUAGE_STANDARD = gnu17;
				GCC_DYNAMIC_NO_PIC = NO;
				GCC_NO_COMMON_BLOCKS = YES;
				GCC_OPTIMIZATION_LEVEL = 0;
				GCC_PREPROCESSOR_DEFINITIONS = (
					"DEBUG=1",
					"$(inherited)",
				);
				GCC_WARN_64_TO_32_BIT_CONVERSION = YES;
				GCC_WARN_ABOUT_RETURN_TYPE = YES_ERROR;
				GCC_WARN_UNDECLARED_SELECTOR = YES;
				GCC_WARN_UNINITIALIZED_AUTOS = YES_AGGRESSIVE;
				GCC_WARN_UNUSED_FUNCTION = YES;
				GCC_WARN_UNUSED_VARIABLE = YES;
				IPHONEOS_DEPLOYMENT_TARGET = 17.0;
				LOCALIZATION_PREFERS_STRING_CATALOGS = YES;
				MTL_ENABLE_DEBUG_INFO = INCLUDE_SOURCE;
				MTL_FAST_MATH = YES;
				ONLY_ACTIVE_ARCH = YES;
				SDKROOT = iphoneos;
				SWIFT_ACTIVE_COMPILATION_CONDITIONS = "DEBUG $(inherited)";
				SWIFT_OPTIMIZATION_LEVEL = "-Onone";
			};
			name = Debug;
		};
		895FF9DC2AF2E54800403564 /* Release */ = {
			isa = XCBuildConfiguration;
			buildSettings = {
				ALWAYS_SEARCH_USER_PATHS = NO;
				ASSETCATALOG_COMPILER_GENERATE_SWIFT_ASSET_SYMBOL_EXTENSIONS = YES;
				CLANG_ANALYZER_NONNULL = YES;
				CLANG_ANALYZER_NUMBER_OBJECT_CONVERSION = YES_AGGRESSIVE;
				CLANG_CXX_LANGUAGE_STANDARD = "gnu++20";
				CLANG_ENABLE_MODULES = YES;
				CLANG_ENABLE_OBJC_ARC = YES;
				CLANG_ENABLE_OBJC_WEAK = YES;
				CLANG_WARN_BLOCK_CAPTURE_AUTORELEASING = YES;
				CLANG_WARN_BOOL_CONVERSION = YES;
				CLANG_WARN_COMMA = YES;
				CLANG_WARN_CONSTANT_CONVERSION = YES;
				CLANG_WARN_DEPRECATED_OBJC_IMPLEMENTATIONS = YES;
				CLANG_WARN_DIRECT_OBJC_ISA_USAGE = YES_ERROR;
				CLANG_WARN_DOCUMENTATION_COMMENTS = YES;
				CLANG_WARN_EMPTY_BODY = YES;
				CLANG_WARN_ENUM_CONVERSION = YES;
				CLANG_WARN_INFINITE_RECURSION = YES;
				CLANG_WARN_INT_CONVERSION = YES;
				CLANG_WARN_NON_LITERAL_NULL_CONVERSION = YES;
				CLANG_WARN_OBJC_IMPLICIT_RETAIN_SELF = YES;
				CLANG_WARN_OBJC_LITERAL_CONVERSION = YES;
				CLANG_WARN_OBJC_ROOT_CLASS = YES_ERROR;
				CLANG_WARN_QUOTED_INCLUDE_IN_FRAMEWORK_HEADER = YES;
				CLANG_WARN_RANGE_LOOP_ANALYSIS = YES;
				CLANG_WARN_STRICT_PROTOTYPES = YES;
				CLANG_WARN_SUSPICIOUS_MOVE = YES;
				CLANG_WARN_UNGUARDED_AVAILABILITY = YES_AGGRESSIVE;
				CLANG_WARN_UNREACHABLE_CODE = YES;
				CLANG_WARN__DUPLICATE_METHOD_MATCH = YES;
				COPY_PHASE_STRIP = NO;
				DEBUG_INFORMATION_FORMAT = "dwarf-with-dsym";
				ENABLE_NS_ASSERTIONS = NO;
				ENABLE_STRICT_OBJC_MSGSEND = YES;
				ENABLE_USER_SCRIPT_SANDBOXING = YES;
				GCC_C_LANGUAGE_STANDARD = gnu17;
				GCC_NO_COMMON_BLOCKS = YES;
				GCC_WARN_64_TO_32_BIT_CONVERSION = YES;
				GCC_WARN_ABOUT_RETURN_TYPE = YES_ERROR;
				GCC_WARN_UNDECLARED_SELECTOR = YES;
				GCC_WARN_UNINITIALIZED_AUTOS = YES_AGGRESSIVE;
				GCC_WARN_UNUSED_FUNCTION = YES;
				GCC_WARN_UNUSED_VARIABLE = YES;
				IPHONEOS_DEPLOYMENT_TARGET = 17.0;
				LOCALIZATION_PREFERS_STRING_CATALOGS = YES;
				MTL_ENABLE_DEBUG_INFO = NO;
				MTL_FAST_MATH = YES;
				SDKROOT = iphoneos;
				SWIFT_COMPILATION_MODE = wholemodule;
				VALIDATE_PRODUCT = YES;
			};
			name = Release;
		};
		895FF9DE2AF2E54800403564 /* Debug */ = {
			isa = XCBuildConfiguration;
			buildSettings = {
				ASSETCATALOG_COMPILER_APPICON_NAME = AppIcon;
				ASSETCATALOG_COMPILER_GLOBAL_ACCENT_COLOR_NAME = AccentColor;
				CODE_SIGN_STYLE = Automatic;
				CURRENT_PROJECT_VERSION = 1;
				DEVELOPMENT_ASSET_PATHS = "\"Crypto Portfolio/Preview Content\"";
				DEVELOPMENT_TEAM = 2NJH433Q6D;
				ENABLE_PREVIEWS = YES;
				GENERATE_INFOPLIST_FILE = YES;
				INFOPLIST_KEY_UIApplicationSceneManifest_Generation = YES;
				INFOPLIST_KEY_UIApplicationSupportsIndirectInputEvents = YES;
				INFOPLIST_KEY_UILaunchScreen_Generation = YES;
				INFOPLIST_KEY_UISupportedInterfaceOrientations_iPad = "UIInterfaceOrientationPortrait UIInterfaceOrientationPortraitUpsideDown UIInterfaceOrientationLandscapeLeft UIInterfaceOrientationLandscapeRight";
				INFOPLIST_KEY_UISupportedInterfaceOrientations_iPhone = "UIInterfaceOrientationPortrait UIInterfaceOrientationLandscapeLeft UIInterfaceOrientationLandscapeRight";
				LD_RUNPATH_SEARCH_PATHS = (
					"$(inherited)",
					"@executable_path/Frameworks",
				);
				MARKETING_VERSION = 1.0;
				PRODUCT_BUNDLE_IDENTIFIER = "io.fatih.Crypto-Portfolio";
				PRODUCT_NAME = "$(TARGET_NAME)";
				SWIFT_EMIT_LOC_STRINGS = YES;
				SWIFT_VERSION = 5.0;
				TARGETED_DEVICE_FAMILY = "1,2";
			};
			name = Debug;
		};
		895FF9DF2AF2E54800403564 /* Release */ = {
			isa = XCBuildConfiguration;
			buildSettings = {
				ASSETCATALOG_COMPILER_APPICON_NAME = AppIcon;
				ASSETCATALOG_COMPILER_GLOBAL_ACCENT_COLOR_NAME = AccentColor;
				CODE_SIGN_STYLE = Automatic;
				CURRENT_PROJECT_VERSION = 1;
				DEVELOPMENT_ASSET_PATHS = "\"Crypto Portfolio/Preview Content\"";
				DEVELOPMENT_TEAM = 2NJH433Q6D;
				ENABLE_PREVIEWS = YES;
				GENERATE_INFOPLIST_FILE = YES;
				INFOPLIST_KEY_UIApplicationSceneManifest_Generation = YES;
				INFOPLIST_KEY_UIApplicationSupportsIndirectInputEvents = YES;
				INFOPLIST_KEY_UILaunchScreen_Generation = YES;
				INFOPLIST_KEY_UISupportedInterfaceOrientations_iPad = "UIInterfaceOrientationPortrait UIInterfaceOrientationPortraitUpsideDown UIInterfaceOrientationLandscapeLeft UIInterfaceOrientationLandscapeRight";
				INFOPLIST_KEY_UISupportedInterfaceOrientations_iPhone = "UIInterfaceOrientationPortrait UIInterfaceOrientationLandscapeLeft UIInterfaceOrientationLandscapeRight";
				LD_RUNPATH_SEARCH_PATHS = (
					"$(inherited)",
					"@executable_path/Frameworks",
				);
				MARKETING_VERSION = 1.0;
				PRODUCT_BUNDLE_IDENTIFIER = "io.fatih.Crypto-Portfolio";
				PRODUCT_NAME = "$(TARGET_NAME)";
				SWIFT_EMIT_LOC_STRINGS = YES;
				SWIFT_VERSION = 5.0;
				TARGETED_DEVICE_FAMILY = "1,2";
			};
			name = Release;
		};
		895FF9E12AF2E54800403564 /* Debug */ = {
			isa = XCBuildConfiguration;
			buildSettings = {
				ALWAYS_EMBED_SWIFT_STANDARD_LIBRARIES = YES;
				BUNDLE_LOADER = "$(TEST_HOST)";
				CODE_SIGN_STYLE = Automatic;
				CURRENT_PROJECT_VERSION = 1;
				DEVELOPMENT_TEAM = 2NJH433Q6D;
				GENERATE_INFOPLIST_FILE = YES;
				IPHONEOS_DEPLOYMENT_TARGET = 17.0;
				MARKETING_VERSION = 1.0;
				PRODUCT_BUNDLE_IDENTIFIER = "io.fatih.Crypto-PortfolioTests";
				PRODUCT_NAME = "$(TARGET_NAME)";
				SWIFT_EMIT_LOC_STRINGS = NO;
				SWIFT_VERSION = 5.0;
				TARGETED_DEVICE_FAMILY = "1,2";
				TEST_HOST = "$(BUILT_PRODUCTS_DIR)/Crypto Portfolio.app/$(BUNDLE_EXECUTABLE_FOLDER_PATH)/Crypto Portfolio";
			};
			name = Debug;
		};
		895FF9E22AF2E54800403564 /* Release */ = {
			isa = XCBuildConfiguration;
			buildSettings = {
				ALWAYS_EMBED_SWIFT_STANDARD_LIBRARIES = YES;
				BUNDLE_LOADER = "$(TEST_HOST)";
				CODE_SIGN_STYLE = Automatic;
				CURRENT_PROJECT_VERSION = 1;
				DEVELOPMENT_TEAM = 2NJH433Q6D;
				GENERATE_INFOPLIST_FILE = YES;
				IPHONEOS_DEPLOYMENT_TARGET = 17.0;
				MARKETING_VERSION = 1.0;
				PRODUCT_BUNDLE_IDENTIFIER = "io.fatih.Crypto-PortfolioTests";
				PRODUCT_NAME = "$(TARGET_NAME)";
				SWIFT_EMIT_LOC_STRINGS = NO;
				SWIFT_VERSION = 5.0;
				TARGETED_DEVICE_FAMILY = "1,2";
				TEST_HOST = "$(BUILT_PRODUCTS_DIR)/Crypto Portfolio.app/$(BUNDLE_EXECUTABLE_FOLDER_PATH)/Crypto Portfolio";
			};
			name = Release;
		};
		895FF9E42AF2E54800403564 /* Debug */ = {
			isa = XCBuildConfiguration;
			buildSettings = {
				ALWAYS_EMBED_SWIFT_STANDARD_LIBRARIES = YES;
				CODE_SIGN_STYLE = Automatic;
				CURRENT_PROJECT_VERSION = 1;
				DEVELOPMENT_TEAM = 2NJH433Q6D;
				GENERATE_INFOPLIST_FILE = YES;
				MARKETING_VERSION = 1.0;
				PRODUCT_BUNDLE_IDENTIFIER = "io.fatih.Crypto-PortfolioUITests";
				PRODUCT_NAME = "$(TARGET_NAME)";
				SWIFT_EMIT_LOC_STRINGS = NO;
				SWIFT_VERSION = 5.0;
				TARGETED_DEVICE_FAMILY = "1,2";
				TEST_TARGET_NAME = "Crypto Portfolio";
			};
			name = Debug;
		};
		895FF9E52AF2E54800403564 /* Release */ = {
			isa = XCBuildConfiguration;
			buildSettings = {
				ALWAYS_EMBED_SWIFT_STANDARD_LIBRARIES = YES;
				CODE_SIGN_STYLE = Automatic;
				CURRENT_PROJECT_VERSION = 1;
				DEVELOPMENT_TEAM = 2NJH433Q6D;
				GENERATE_INFOPLIST_FILE = YES;
				MARKETING_VERSION = 1.0;
				PRODUCT_BUNDLE_IDENTIFIER = "io.fatih.Crypto-PortfolioUITests";
				PRODUCT_NAME = "$(TARGET_NAME)";
				SWIFT_EMIT_LOC_STRINGS = NO;
				SWIFT_VERSION = 5.0;
				TARGETED_DEVICE_FAMILY = "1,2";
				TEST_TARGET_NAME = "Crypto Portfolio";
			};
			name = Release;
		};
/* End XCBuildConfiguration section */

/* Begin XCConfigurationList section */
		895FF9B22AF2E54500403564 /* Build configuration list for PBXProject "Crypto Portfolio" */ = {
			isa = XCConfigurationList;
			buildConfigurations = (
				895FF9DB2AF2E54800403564 /* Debug */,
				895FF9DC2AF2E54800403564 /* Release */,
			);
			defaultConfigurationIsVisible = 0;
			defaultConfigurationName = Release;
		};
		895FF9DD2AF2E54800403564 /* Build configuration list for PBXNativeTarget "Crypto Portfolio" */ = {
			isa = XCConfigurationList;
			buildConfigurations = (
				895FF9DE2AF2E54800403564 /* Debug */,
				895FF9DF2AF2E54800403564 /* Release */,
			);
			defaultConfigurationIsVisible = 0;
			defaultConfigurationName = Release;
		};
		895FF9E02AF2E54800403564 /* Build configuration list for PBXNativeTarget "Crypto PortfolioTests" */ = {
			isa = XCConfigurationList;
			buildConfigurations = (
				895FF9E12AF2E54800403564 /* Debug */,
				895FF9E22AF2E54800403564 /* Release */,
			);
			defaultConfigurationIsVisible = 0;
			defaultConfigurationName = Release;
		};
		895FF9E32AF2E54800403564 /* Build configuration list for PBXNativeTarget "Crypto PortfolioUITests" */ = {
			isa = XCConfigurationList;
			buildConfigurations = (
				895FF9E42AF2E54800403564 /* Debug */,
				895FF9E52AF2E54800403564 /* Release */,
			);
			defaultConfigurationIsVisible = 0;
			defaultConfigurationName = Release;
		};
/* End XCConfigurationList section */
	};
	rootObject = 895FF9AF2AF2E54500403564 /* Project object */;
}
